
Microsoft Visual Studio Solution File, Format Version 12.00
# Visual Studio 2013
VisualStudioVersion = 12.0.21005.1
MinimumVisualStudioVersion = 10.0.40219.1
Project("{FAE04EC0-301F-11D3-BF4B-00C04F79EFBC}") = "QLyKTXSV", "QLyKTXSV\QLyKTXSV.csproj", "{B7547434-3068-4784-8AC3-4AF6C0B9D4A4}"
EndProject
Project("{FAE04EC0-301F-11D3-BF4B-00C04F79EFBC}") = "libKTXSV", "libKTXSV\libKTXSV.csproj", "{E444A8EC-FC07-48B1-AA36-3D9984357ED0}"
EndProject
Global
	GlobalSection(SolutionConfigurationPlatforms) = preSolution
		Debug|Any CPU = Debug|Any CPU
		Release|Any CPU = Release|Any CPU
	EndGlobalSection
	GlobalSection(ProjectConfigurationPlatforms) = postSolution
		{B7547434-3068-4784-8AC3-4AF6C0B9D4A4}.Debug|Any CPU.ActiveCfg = Debug|Any CPU
		{B7547434-3068-4784-8AC3-4AF6C0B9D4A4}.Debug|Any CPU.Build.0 = Debug|Any CPU
		{B7547434-3068-4784-8AC3-4AF6C0B9D4A4}.Release|Any CPU.ActiveCfg = Release|Any CPU
		{B7547434-3068-4784-8AC3-4AF6C0B9D4A4}.Release|Any CPU.Build.0 = Release|Any CPU
		{E444A8EC-FC07-48B1-AA36-3D9984357ED0}.Debug|Any CPU.ActiveCfg = Debug|Any CPU
		{E444A8EC-FC07-48B1-AA36-3D9984357ED0}.Debug|Any CPU.Build.0 = Debug|Any CPU
		{E444A8EC-FC07-48B1-AA36-3D9984357ED0}.Release|Any CPU.ActiveCfg = Release|Any CPU
		{E444A8EC-FC07-48B1-AA36-3D9984357ED0}.Release|Any CPU.Build.0 = Release|Any CPU
	EndGlobalSection
	GlobalSection(SolutionProperties) = preSolution
		HideSolutionNode = FALSE
	EndGlobalSection
EndGlobal
